{
    "name": "test-pdf-script",
    "version": "1.0.0",
    "lockfileVersion": 2,
    "requires": true,
    "packages": {
        "": {
            "name": "test-pdf-script",
            "version": "1.0.0",
            "license": "MIT",
            "dependencies": {
                "html-pdf": "3.0.1"
            },
            "engines": {
                "node": ">=10.0.0"
            }
        },
        "node_modules/html-pdf": {
            "version": "3.0.1",
            "resolved": "https://registry.npmjs.org/html-pdf/-/html-pdf-3.0.1.tgz",
            "integrity": "sha512-CKNSacmQn+CKJ2GNfT4UYKaPy/T3Ndj82yJ2aju/UPmnvWNjIpyumqRqkFU0mwT6BTHBFhFGTnXN8dBn4Bdj0Q==",
            "license": "MIT",
            "bin": {
                "html-pdf": "bin/index.js"
            },
            "engines": {
                "node": ">=4.0.0"
            },
            "optionalDependencies": {
                "phantomjs-prebuilt": "^2.1.16"
            }
        }
    },
    "dependencies": {
        "html-pdf": {
            "version": "3.0.1",
            "resolved": "https://registry.npmjs.org/html-pdf/-/html-pdf-3.0.1.tgz",
            "integrity": "sha512-CKNSacmQn+CKJ2GNfT4UYKaPy/T3Ndj82yJ2aju/UPmnvWNjIpyumqRqkFU0mwT6BTHBFhFGTnXN8dBn4Bdj0Q==",
            "requires": {
                "phantomjs-prebuilt": "^2.1.16"
            }
        }
    }
}
