# THIS IS AN AUTOGENERATED FILE. DO NOT EDIT THIS FILE DIRECTLY.
# yarn lockfile v1


"html-pdf@3.0.1":
  "integrity" "sha512-CKNSacmQn+CKJ2GNfT4UYKaPy/T3Ndj82yJ2aju/UPmnvWNjIpyumqRqkFU0mwT6BTHBFhFGTnXN8dBn4Bdj0Q=="
  "resolved" "https://registry.npmjs.org/html-pdf/-/html-pdf-3.0.1.tgz"
  "version" "3.0.1"
  optionalDependencies:
    "phantomjs-prebuilt" "^2.1.16"
